// !$*UTF8*$!
{
	archiveVersion = 1;
	classes = {
	};
	objectVersion = 46;
	objects = {

/* Begin PBXBuildFile section */
		5550976FC0B0FE1825CF49AB /* Pods_sampleRxSwiftApp.framework in Frameworks */ = {isa = PBXBuildFile; fileRef = 065672706C080B2328AE24E0 /* Pods_sampleRxSwiftApp.framework */; };
		7A11CF5B1EADC4300096948E /* AppDelegate.swift in Sources */ = {isa = PBXBuildFile; fileRef = 7A11CF5A1EADC4300096948E /* AppDelegate.swift */; };
		7A11CF5D1EADC4300096948E /* ViewController.swift in Sources */ = {isa = PBXBuildFile; fileRef = 7A11CF5C1EADC4300096948E /* ViewController.swift */; };
		7A11CF601EADC4300096948E /* Main.storyboard in Resources */ = {isa = PBXBuildFile; fileRef = 7A11CF5E1EADC4300096948E /* Main.storyboard */; };
		7A11CF621EADC4300096948E /* Assets.xcassets in Resources */ = {isa = PBXBuildFile; fileRef = 7A11CF611EADC4300096948E /* Assets.xcassets */; };
		7A11CF651EADC4300096948E /* LaunchScreen.storyboard in Resources */ = {isa = PBXBuildFile; fileRef = 7A11CF631EADC4300096948E /* LaunchScreen.storyboard */; };
/* End PBXBuildFile section */

/* Begin PBXFileReference section */
		065672706C080B2328AE24E0 /* Pods_sampleRxSwiftApp.framework */ = {isa = PBXFileReference; explicitFileType = wrapper.framework; includeInIndex = 0; path = Pods_sampleRxSwiftApp.framework; sourceTree = BUILT_PRODUCTS_DIR; };
		37F03BD54AFB1BD50C079509 /* Pods-sampleRxSwiftApp.debug.xcconfig */ = {isa = PBXFileReference; includeInIndex = 1; lastKnownFileType = text.xcconfig; name = "Pods-sampleRxSwiftApp.debug.xcconfig"; path = "Pods/Target Support Files/Pods-sampleRxSwiftApp/Pods-sampleRxSwiftApp.debug.xcconfig"; sourceTree = "<group>"; };
		7A11CF571EADC4300096948E /* sampleRxSwiftApp.app */ = {isa = PBXFileReference; explicitFileType = wrapper.application; includeInIndex = 0; path = sampleRxSwiftApp.app; sourceTree = BUILT_PRODUCTS_DIR; };
		7A11CF5A1EADC4300096948E /* AppDelegate.swift */ = {isa = PBXFileReference; lastKnownFileType = sourcecode.swift; path = AppDelegate.swift; sourceTree = "<group>"; };
		7A11CF5C1EADC4300096948E /* ViewController.swift */ = {isa = PBXFileReference; lastKnownFileType = sourcecode.swift; path = ViewController.swift; sourceTree = "<group>"; };
		7A11CF5F1EADC4300096948E /* Base */ = {isa = PBXFileReference; lastKnownFileType = file.storyboard; name = Base; path = Base.lproj/Main.storyboard; sourceTree = "<group>"; };
		7A11CF611EADC4300096948E /* Assets.xcassets */ = {isa = PBXFileReference; lastKnownFileType = folder.assetcatalog; path = Assets.xcassets; sourceTree = "<group>"; };
		7A11CF641EADC4300096948E /* Base */ = {isa = PBXFileReference; lastKnownFileType = file.storyboard; name = Base; path = Base.lproj/LaunchScreen.storyboard; sourceTree = "<group>"; };
		7A11CF661EADC4300096948E /* Info.plist */ = {isa = PBXFileReference; lastKnownFileType = text.plist.xml; path = Info.plist; sourceTree = "<group>"; };
		F0C77FD32469E5A69606CD9D /* Pods-sampleRxSwiftApp.release.xcconfig */ = {isa = PBXFileReference; includeInIndex = 1; lastKnownFileType = text.xcconfig; name = "Pods-sampleRxSwiftApp.release.xcconfig"; path = "Pods/Target Support Files/Pods-sampleRxSwiftApp/Pods-sampleRxSwiftApp.release.xcconfig"; sourceTree = "<group>"; };
/* End PBXFileReference section */

/* Begin PBXFrameworksBuildPhase section */
		7A11CF541EADC4300096948E /* Frameworks */ = {
			isa = PBXFrameworksBuildPhase;
			buildActionMask = 2147483647;
			files = (
				5550976FC0B0FE1825CF49AB /* Pods_sampleRxSwiftApp.framework in Frameworks */,
			);
			runOnlyForDeploymentPostprocessing = 0;
		};
/* End PBXFrameworksBuildPhase section */

/* Begin PBXGroup section */
		7A11CF4E1EADC4300096948E = {
			isa = PBXGroup;
			children = (
				7A11CF591EADC4300096948E /* sampleRxSwiftApp */,
				7A11CF581EADC4300096948E /* Products */,
				AB39CB80A7B04692B2AAE94C /* Pods */,
				7CD85C446E3047E24EB6116B /* Frameworks */,
			);
			sourceTree = "<group>";
		};
		7A11CF581EADC4300096948E /* Products */ = {
			isa = PBXGroup;
			children = (
				7A11CF571EADC4300096948E /* sampleRxSwiftApp.app */,
			);
			name = Products;
			sourceTree = "<group>";
		};
		7A11CF591EADC4300096948E /* sampleRxSwiftApp */ = {
			isa = PBXGroup;
			children = (
				7A11CF5A1EADC4300096948E /* AppDelegate.swift */,
				7A11CF5C1EADC4300096948E /* ViewController.swift */,
				7A11CF5E1EADC4300096948E /* Main.storyboard */,
				7A11CF611EADC4300096948E /* Assets.xcassets */,
				7A11CF631EADC4300096948E /* LaunchScreen.storyboard */,
				7A11CF661EADC4300096948E /* Info.plist */,
			);
			path = sampleRxSwiftApp;
			sourceTree = "<group>";
		};
		7CD85C446E3047E24EB6116B /* Frameworks */ = {
			isa = PBXGroup;
			children = (
				065672706C080B2328AE24E0 /* Pods_sampleRxSwiftApp.framework */,
			);
			name = Frameworks;
			sourceTree = "<group>";
		};
		AB39CB80A7B04692B2AAE94C /* Pods */ = {
			isa = PBXGroup;
			children = (
				37F03BD54AFB1BD50C079509 /* Pods-sampleRxSwiftApp.debug.xcconfig */,
				F0C77FD32469E5A69606CD9D /* Pods-sampleRxSwiftApp.release.xcconfig */,
			);
			name = Pods;
			sourceTree = "<group>";
		};
/* End PBXGroup section */

/* Begin PBXNativeTarget section */
		7A11CF561EADC4300096948E /* sampleRxSwiftApp */ = {
			isa = PBXNativeTarget;
			buildConfigurationList = 7A11CF691EADC4300096948E /* Build configuration list for PBXNativeTarget "sampleRxSwiftApp" */;
			buildPhases = (
				38D52ABA1A52F370CE0992EA /* [CP] Check Pods Manifest.lock */,
				7A11CF531EADC4300096948E /* Sources */,
				7A11CF541EADC4300096948E /* Frameworks */,
				7A11CF551EADC4300096948E /* Resources */,
				A6E78F6B498065D4D614D2B1 /* [CP] Embed Pods Frameworks */,
				717936234A14EA8CAA05634C /* [CP] Copy Pods Resources */,
			);
			buildRules = (
			);
			dependencies = (
			);
			name = sampleRxSwiftApp;
			productName = sampleRxSwiftApp;
			productReference = 7A11CF571EADC4300096948E /* sampleRxSwiftApp.app */;
			productType = "com.apple.product-type.application";
		};
/* End PBXNativeTarget section */

/* Begin PBXProject section */
		7A11CF4F1EADC4300096948E /* Project object */ = {
			isa = PBXProject;
			attributes = {
				LastSwiftUpdateCheck = 0820;
				LastUpgradeCheck = 0820;
				ORGANIZATIONNAME = "Muneharu Onoue";
				TargetAttributes = {
					7A11CF561EADC4300096948E = {
						CreatedOnToolsVersion = 8.2.1;
						DevelopmentTeam = 9F3KC5MR2C;
						ProvisioningStyle = Automatic;
					};
				};
			};
			buildConfigurationList = 7A11CF521EADC4300096948E /* Build configuration list for PBXProject "sampleRxSwiftApp" */;
			compatibilityVersion = "Xcode 3.2";
			developmentRegion = English;
			hasScannedForEncodings = 0;
			knownRegions = (
				en,
				Base,
			);
			mainGroup = 7A11CF4E1EADC4300096948E;
			productRefGroup = 7A11CF581EADC4300096948E /* Products */;
			projectDirPath = "";
			projectRoot = "";
			targets = (
				7A11CF561EADC4300096948E /* sampleRxSwiftApp */,
			);
		};
/* End PBXProject section */

/* Begin PBXResourcesBuildPhase section */
		7A11CF551EADC4300096948E /* Resources */ = {
			isa = PBXResourcesBuildPhase;
			buildActionMask = 2147483647;
			files = (
				7A11CF651EADC4300096948E /* LaunchScreen.storyboard in Resources */,
				7A11CF621EADC4300096948E /* Assets.xcassets in Resources */,
				7A11CF601EADC4300096948E /* Main.storyboard in Resources */,
			);
			runOnlyForDeploymentPostprocessing = 0;
		};
/* End PBXResourcesBuildPhase section */

/* Begin PBXShellScriptBuildPhase section */
		38D52ABA1A52F370CE0992EA /* [CP] Check Pods Manifest.lock */ = {
			isa = PBXShellScriptBuildPhase;
			buildActionMask = 2147483647;
			files = (
			);
			inputPaths = (
			);
			name = "[CP] Check Pods Manifest.lock";
			outputPaths = (
			);
			runOnlyForDeploymentPostprocessing = 0;
			shellPath = /bin/sh;
			shellScript = "diff \"${PODS_ROOT}/../Podfile.lock\" \"${PODS_ROOT}/Manifest.lock\" > /dev/null\nif [[ $? != 0 ]] ; then\n    cat << EOM\nerror: The sandbox is not in sync with the Podfile.lock. Run 'pod install' or update your CocoaPods installation.\nEOM\n    exit 1\nfi\n";
			showEnvVarsInLog = 0;
		};
		717936234A14EA8CAA05634C /* [CP] Copy Pods Resources */ = {
			isa = PBXShellScriptBuildPhase;
			buildActionMask = 2147483647;
			files = (
			);
			inputPaths = (
			);
			name = "[CP] Copy Pods Resources";
			outputPaths = (
			);
			runOnlyForDeploymentPostprocessing = 0;
			shellPath = /bin/sh;
			shellScript = "\"${SRCROOT}/Pods/Target Support Files/Pods-sampleRxSwiftApp/Pods-sampleRxSwiftApp-resources.sh\"\n";
			showEnvVarsInLog = 0;
		};
		A6E78F6B498065D4D614D2B1 /* [CP] Embed Pods Frameworks */ = {
			isa = PBXShellScriptBuildPhase;
			buildActionMask = 2147483647;
			files = (
			);
			inputPaths = (
			);
			name = "[CP] Embed Pods Frameworks";
			outputPaths = (
			);
			runOnlyForDeploymentPostprocessing = 0;
			shellPath = /bin/sh;
			shellScript = "\"${SRCROOT}/Pods/Target Support Files/Pods-sampleRxSwiftApp/Pods-sampleRxSwiftApp-frameworks.sh\"\n";
			showEnvVarsInLog = 0;
		};
/* End PBXShellScriptBuildPhase section */

/* Begin PBXSourcesBuildPhase section */
		7A11CF531EADC4300096948E /* Sources */ = {
			isa = PBXSourcesBuildPhase;
			buildActionMask = 2147483647;
			files = (
				7A11CF5D1EADC4300096948E /* ViewController.swift in Sources */,
				7A11CF5B1EADC4300096948E /* AppDelegate.swift in Sources */,
			);
			runOnlyForDeploymentPostprocessing = 0;
		};
/* End PBXSourcesBuildPhase section */

/* Begin PBXVariantGroup section */
		7A11CF5E1EADC4300096948E /* Main.storyboard */ = {
			isa = PBXVariantGroup;
			children = (
				7A11CF5F1EADC4300096948E /* Base */,
			);
			name = Main.storyboard;
			sourceTree = "<group>";
		};
		7A11CF631EADC4300096948E /* LaunchScreen.storyboard */ = {
			isa = PBXVariantGroup;
			children = (
				7A11CF641EADC4300096948E /* Base */,
			);
			name = LaunchScreen.storyboard;
			sourceTree = "<group>";
		};
/* End PBXVariantGroup section */

/* Begin XCBuildConfiguration section */
		7A11CF671EADC4300096948E /* Debug */ = {
			isa = XCBuildConfiguration;
			buildSettings = {
				ALWAYS_SEARCH_USER_PATHS = NO;
				CLANG_ANALYZER_NONNULL = YES;
				CLANG_CXX_LANGUAGE_STANDARD = "gnu++0x";
				CLANG_CXX_LIBRARY = "libc++";
				CLANG_ENABLE_MODULES = YES;
				CLANG_ENABLE_OBJC_ARC = YES;
				CLANG_WARN_BOOL_CONVERSION = YES;
				CLANG_WARN_CONSTANT_CONVERSION = YES;
				CLANG_WARN_DIRECT_OBJC_ISA_USAGE = YES_ERROR;
				CLANG_WARN_DOCUMENTATION_COMMENTS = YES;
				CLANG_WARN_EMPTY_BODY = YES;
				CLANG_WARN_ENUM_CONVERSION = YES;
				CLANG_WARN_INFINITE_RECURSION = YES;
				CLANG_WARN_INT_CONVERSION = YES;
				CLANG_WARN_OBJC_ROOT_CLASS = YES_ERROR;
				CLANG_WARN_SUSPICIOUS_MOVE = YES;
				CLANG_WARN_UNREACHABLE_CODE = YES;
				CLANG_WARN__DUPLICATE_METHOD_MATCH = YES;
				"CODE_SIGN_IDENTITY[sdk=iphoneos*]" = "iPhone Developer";
				COPY_PHASE_STRIP = NO;
				DEBUG_INFORMATION_FORMAT = dwarf;
				ENABLE_STRICT_OBJC_MSGSEND = YES;
				ENABLE_TESTABILITY = YES;
				GCC_C_LANGUAGE_STANDARD = gnu99;
				GCC_DYNAMIC_NO_PIC = NO;
				GCC_NO_COMMON_BLOCKS = YES;
				GCC_OPTIMIZATION_LEVEL = 0;
				GCC_PREPROCESSOR_DEFINITIONS = (
					"DEBUG=1",
					"$(inherited)",
				);
				GCC_WARN_64_TO_32_BIT_CONVERSION = YES;
				GCC_WARN_ABOUT_RETURN_TYPE = YES_ERROR;
				GCC_WARN_UNDECLARED_SELECTOR = YES;
				GCC_WARN_UNINITIALIZED_AUTOS = YES_AGGRESSIVE;
				GCC_WARN_UNUSED_FUNCTION = YES;
				GCC_WARN_UNUSED_VARIABLE = YES;
				IPHONEOS_DEPLOYMENT_TARGET = 10.2;
				MTL_ENABLE_DEBUG_INFO = YES;
				ONLY_ACTIVE_ARCH = YES;
				SDKROOT = iphoneos;
				SWIFT_ACTIVE_COMPILATION_CONDITIONS = DEBUG;
				SWIFT_OPTIMIZATION_LEVEL = "-Onone";
			};
			name = Debug;
		};
		7A11CF681EADC4300096948E /* Release */ = {
			isa = XCBuildConfiguration;
			buildSettings = {
				ALWAYS_SEARCH_USER_PATHS = NO;
				CLANG_ANALYZER_NONNULL = YES;
				CLANG_CXX_LANGUAGE_STANDARD = "gnu++0x";
				CLANG_CXX_LIBRARY = "libc++";
				CLANG_ENABLE_MODULES = YES;
				CLANG_ENABLE_OBJC_ARC = YES;
				CLANG_WARN_BOOL_CONVERSION = YES;
				CLANG_WARN_CONSTANT_CONVERSION = YES;
				CLANG_WARN_DIRECT_OBJC_ISA_USAGE = YES_ERROR;
				CLANG_WARN_DOCUMENTATION_COMMENTS = YES;
				CLANG_WARN_EMPTY_BODY = YES;
				CLANG_WARN_ENUM_CONVERSION = YES;
				CLANG_WARN_INFINITE_RECURSION = YES;
				CLANG_WARN_INT_CONVERSION = YES;
				CLANG_WARN_OBJC_ROOT_CLASS = YES_ERROR;
				CLANG_WARN_SUSPICIOUS_MOVE = YES;
				CLANG_WARN_UNREACHABLE_CODE = YES;
				CLANG_WARN__DUPLICATE_METHOD_MATCH = YES;
				"CODE_SIGN_IDENTITY[sdk=iphoneos*]" = "iPhone Developer";
				COPY_PHASE_STRIP = NO;
				DEBUG_INFORMATION_FORMAT = "dwarf-with-dsym";
				ENABLE_NS_ASSERTIONS = NO;
				ENABLE_STRICT_OBJC_MSGSEND = YES;
				GCC_C_LANGUAGE_STANDARD = gnu99;
				GCC_NO_COMMON_BLOCKS = YES;
				GCC_WARN_64_TO_32_BIT_CONVERSION = YES;
				GCC_WARN_ABOUT_RETURN_TYPE = YES_ERROR;
				GCC_WARN_UNDECLARED_SELECTOR = YES;
				GCC_WARN_UNINITIALIZED_AUTOS = YES_AGGRESSIVE;
				GCC_WARN_UNUSED_FUNCTION = YES;
				GCC_WARN_UNUSED_VARIABLE = YES;
				IPHONEOS_DEPLOYMENT_TARGET = 10.2;
				MTL_ENABLE_DEBUG_INFO = NO;
				SDKROOT = iphoneos;
				SWIFT_OPTIMIZATION_LEVEL = "-Owholemodule";
				VALIDATE_PRODUCT = YES;
			};
			name = Release;
		};
		7A11CF6A1EADC4300096948E /* Debug */ = {
			isa = XCBuildConfiguration;
			baseConfigurationReference = 37F03BD54AFB1BD50C079509 /* Pods-sampleRxSwiftApp.debug.xcconfig */;
			buildSettings = {
				ALWAYS_EMBED_SWIFT_STANDARD_LIBRARIES = YES;
				ASSETCATALOG_COMPILER_APPICON_NAME = AppIcon;
				DEVELOPMENT_TEAM = 9F3KC5MR2C;
				INFOPLIST_FILE = sampleRxSwiftApp/Info.plist;
				LD_RUNPATH_SEARCH_PATHS = "$(inherited) @executable_path/Frameworks";
				PRODUCT_BUNDLE_IDENTIFIER = com.geelive.sampleRxSwiftApp;
				PRODUCT_NAME = "$(TARGET_NAME)";
				SWIFT_VERSION = 3.0;
			};
			name = Debug;
		};
		7A11CF6B1EADC4300096948E /* Release */ = {
			isa = XCBuildConfiguration;
			baseConfigurationReference = F0C77FD32469E5A69606CD9D /* Pods-sampleRxSwiftApp.release.xcconfig */;
			buildSettings = {
				ALWAYS_EMBED_SWIFT_STANDARD_LIBRARIES = YES;
				ASSETCATALOG_COMPILER_APPICON_NAME = AppIcon;
				DEVELOPMENT_TEAM = 9F3KC5MR2C;
				INFOPLIST_FILE = sampleRxSwiftApp/Info.plist;
				LD_RUNPATH_SEARCH_PATHS = "$(inherited) @executable_path/Frameworks";
				PRODUCT_BUNDLE_IDENTIFIER = com.geelive.sampleRxSwiftApp;
				PRODUCT_NAME = "$(TARGET_NAME)";
				SWIFT_VERSION = 3.0;
			};
			name = Release;
		};
/* End XCBuildConfiguration section */

/* Begin XCConfigurationList section */
		7A11CF521EADC4300096948E /* Build configuration list for PBXProject "sampleRxSwiftApp" */ = {
			isa = XCConfigurationList;
			buildConfigurations = (
				7A11CF671EADC4300096948E /* Debug */,
				7A11CF681EADC4300096948E /* Release */,
			);
			defaultConfigurationIsVisible = 0;
			defaultConfigurationName = Release;
		};
		7A11CF691EADC4300096948E /* Build configuration list for PBXNativeTarget "sampleRxSwiftApp" */ = {
			isa = XCConfigurationList;
			buildConfigurations = (
				7A11CF6A1EADC4300096948E /* Debug */,
				7A11CF6B1EADC4300096948E /* Release */,
			);
			defaultConfigurationIsVisible = 0;
			defaultConfigurationName = Release;
		};
/* End XCConfigurationList section */
	};
	rootObject = 7A11CF4F1EADC4300096948E /* Project object */;
}
